
Microsoft Visual Studio Solution File, Format Version 12.00
# Visual Studio Version 16
VisualStudioVersion = 16.0.28803.156
MinimumVisualStudioVersion = 10.0.40219.1
Project("{FAE04EC0-301F-11D3-BF4B-00C04F79EFBC}") = "MergeSortCore", "MergeSortCore\MergeSortCore.csproj", "{02278533-2388-47C0-9643-508CA2C0C9BE}"
EndProject
Global
	GlobalSection(SolutionConfigurationPlatforms) = preSolution
		Debug|Any CPU = Debug|Any CPU
		Release|Any CPU = Release|Any CPU
	EndGlobalSection
	GlobalSection(ProjectConfigurationPlatforms) = postSolution
		{02278533-2388-47C0-9643-508CA2C0C9BE}.Debug|Any CPU.ActiveCfg = Debug|Any CPU
		{02278533-2388-47C0-9643-508CA2C0C9BE}.Debug|Any CPU.Build.0 = Debug|Any CPU
		{02278533-2388-47C0-9643-508CA2C0C9BE}.Release|Any CPU.ActiveCfg = Release|Any CPU
		{02278533-2388-47C0-9643-508CA2C0C9BE}.Release|Any CPU.Build.0 = Release|Any CPU
	EndGlobalSection
	GlobalSection(SolutionProperties) = preSolution
		HideSolutionNode = FALSE
	EndGlobalSection
	GlobalSection(ExtensibilityGlobals) = postSolution
		SolutionGuid = {60BAE413-5DDE-4D8C-8EFD-2C7087957D10}
	EndGlobalSection
EndGlobal
